
Microsoft Visual Studio Solution File, Format Version 11.00
# Visual Studio 2010
Project("{FAE04EC0-301F-11D3-BF4B-00C04F79EFBC}") = "Assembly-CSharp", "Assembly-CSharp.csproj", "{01822dc0-27af-e52b-09de-2d0b189f4142}"
EndProject
Project("{FAE04EC0-301F-11D3-BF4B-00C04F79EFBC}") = "Unity.2D.Tilemap.Extras", "Unity.2D.Tilemap.Extras.csproj", "{492716ac-f61d-a6a0-6b74-d5877f0e474e}"
EndProject
Project("{FAE04EC0-301F-11D3-BF4B-00C04F79EFBC}") = "Unity.2D.Tilemap.Extras.Editor", "Unity.2D.Tilemap.Extras.Editor.csproj", "{ed7f1a75-7d63-ddbd-ad09-10694211d6d4}"
EndProject
Project("{FAE04EC0-301F-11D3-BF4B-00C04F79EFBC}") = "Unity.2D.Tilemap.Extras.Placeholder.EditorTests", "Unity.2D.Tilemap.Extras.Placeholder.EditorTests.csproj", "{93346e71-e695-21e6-0099-67f9f1a0c9eb}"
EndProject
Project("{FAE04EC0-301F-11D3-BF4B-00C04F79EFBC}") = "Assembly-CSharp-Editor", "Assembly-CSharp-Editor.csproj", "{280e9455-e0e7-adfb-3fa0-6087e4567cd0}"
EndProject
Global
	GlobalSection(SolutionConfigurationPlatforms) = preSolution
		Debug|Any CPU = Debug|Any CPU
		Release|Any CPU = Release|Any CPU
	EndGlobalSection
	GlobalSection(ProjectConfigurationPlatforms) = postSolution
		{01822dc0-27af-e52b-09de-2d0b189f4142}.Debug|Any CPU.ActiveCfg = Debug|Any CPU
		{01822dc0-27af-e52b-09de-2d0b189f4142}.Debug|Any CPU.Build.0 = Debug|Any CPU
		{01822dc0-27af-e52b-09de-2d0b189f4142}.Release|Any CPU.ActiveCfg = Release|Any CPU
		{01822dc0-27af-e52b-09de-2d0b189f4142}.Release|Any CPU.Build.0 = Release|Any CPU
		{492716ac-f61d-a6a0-6b74-d5877f0e474e}.Debug|Any CPU.ActiveCfg = Debug|Any CPU
		{492716ac-f61d-a6a0-6b74-d5877f0e474e}.Debug|Any CPU.Build.0 = Debug|Any CPU
		{492716ac-f61d-a6a0-6b74-d5877f0e474e}.Release|Any CPU.ActiveCfg = Release|Any CPU
		{492716ac-f61d-a6a0-6b74-d5877f0e474e}.Release|Any CPU.Build.0 = Release|Any CPU
		{ed7f1a75-7d63-ddbd-ad09-10694211d6d4}.Debug|Any CPU.ActiveCfg = Debug|Any CPU
		{ed7f1a75-7d63-ddbd-ad09-10694211d6d4}.Debug|Any CPU.Build.0 = Debug|Any CPU
		{ed7f1a75-7d63-ddbd-ad09-10694211d6d4}.Release|Any CPU.ActiveCfg = Release|Any CPU
		{ed7f1a75-7d63-ddbd-ad09-10694211d6d4}.Release|Any CPU.Build.0 = Release|Any CPU
		{93346e71-e695-21e6-0099-67f9f1a0c9eb}.Debug|Any CPU.ActiveCfg = Debug|Any CPU
		{93346e71-e695-21e6-0099-67f9f1a0c9eb}.Debug|Any CPU.Build.0 = Debug|Any CPU
		{93346e71-e695-21e6-0099-67f9f1a0c9eb}.Release|Any CPU.ActiveCfg = Release|Any CPU
		{93346e71-e695-21e6-0099-67f9f1a0c9eb}.Release|Any CPU.Build.0 = Release|Any CPU
		{280e9455-e0e7-adfb-3fa0-6087e4567cd0}.Debug|Any CPU.ActiveCfg = Debug|Any CPU
		{280e9455-e0e7-adfb-3fa0-6087e4567cd0}.Debug|Any CPU.Build.0 = Debug|Any CPU
		{280e9455-e0e7-adfb-3fa0-6087e4567cd0}.Release|Any CPU.ActiveCfg = Release|Any CPU
		{280e9455-e0e7-adfb-3fa0-6087e4567cd0}.Release|Any CPU.Build.0 = Release|Any CPU
	EndGlobalSection
	GlobalSection(SolutionProperties) = preSolution
		HideSolutionNode = FALSE
	EndGlobalSection
EndGlobal
